PODS:
  - ISMethodSwizzling (0.0.2)
  - Kiwi (2.4.0)
  - MAObjCRuntime (0.0.1)

DEPENDENCIES:
  - ISMethodSwizzling
  - Kiwi
  - MAObjCRuntime

SPEC CHECKSUMS:
  ISMethodSwizzling: 5dafeb2efca548b0cc1407b265408974dfd85168
  Kiwi: f49c9d54b28917df5928fe44968a39ed198cb8a8
  MAObjCRuntime: a6a1d95acbfa3784d66cb35bd42904e47943b488

COCOAPODS: 0.39.0
