PODS:
  - ISMethodSwizzling (0.0.2)
  - Kiwi (2.2.1):
    - Kiwi/ARC (= 2.2.1)
    - Kiwi/NonARC (= 2.2.1)
  - Kiwi/ARC (2.2.1)
  - Kiwi/NonARC (2.2.1)
  - MAObjCRuntime (0.0.1)

DEPENDENCIES:
  - ISMethodSwizzling
  - Kiwi
  - MAObjCRuntime

SPEC CHECKSUMS:
  ISMethodSwizzling: 5dafeb2efca548b0cc1407b265408974dfd85168
  Kiwi: 90f1eadfbd9f27301a7c30a5b5f825c1b9e95102
  MAObjCRuntime: a6a1d95acbfa3784d66cb35bd42904e47943b488

PODFILE CHECKSUM: 2940f4d79519038a96c55ee2837f8c44a1fd3fa9

COCOAPODS: 1.2.1
